
Microsoft Visual Studio Solution File, Format Version 12.00
# Visual Studio 15
VisualStudioVersion = 15.0.27703.2047
MinimumVisualStudioVersion = 10.0.40219.1
Project("{8BC9CEB8-8B4A-11D0-8D11-00A0C91BC942}") = "PP06.ImageSprite", "PP06.ImageSprite.vcxproj", "{C0D33C68-71E7-4463-9CCB-A5B16ABAB349}"
EndProject
Global
	GlobalSection(SolutionConfigurationPlatforms) = preSolution
		Debug|x64 = Debug|x64
		Debug|x86 = Debug|x86
		Release|x64 = Release|x64
		Release|x86 = Release|x86
	EndGlobalSection
	GlobalSection(ProjectConfigurationPlatforms) = postSolution
		{C0D33C68-71E7-4463-9CCB-A5B16ABAB349}.Debug|x64.ActiveCfg = Debug|x64
		{C0D33C68-71E7-4463-9CCB-A5B16ABAB349}.Debug|x64.Build.0 = Debug|x64
		{C0D33C68-71E7-4463-9CCB-A5B16ABAB349}.Debug|x86.ActiveCfg = Debug|Win32
		{C0D33C68-71E7-4463-9CCB-A5B16ABAB349}.Debug|x86.Build.0 = Debug|Win32
		{C0D33C68-71E7-4463-9CCB-A5B16ABAB349}.Release|x64.ActiveCfg = Release|x64
		{C0D33C68-71E7-4463-9CCB-A5B16ABAB349}.Release|x64.Build.0 = Release|x64
		{C0D33C68-71E7-4463-9CCB-A5B16ABAB349}.Release|x86.ActiveCfg = Release|Win32
		{C0D33C68-71E7-4463-9CCB-A5B16ABAB349}.Release|x86.Build.0 = Release|Win32
	EndGlobalSection
	GlobalSection(SolutionProperties) = preSolution
		HideSolutionNode = FALSE
	EndGlobalSection
	GlobalSection(ExtensibilityGlobals) = postSolution
		SolutionGuid = {D2D5CC68-7A08-4231-83E1-3CACF23F50D6}
	EndGlobalSection
EndGlobal
